
Microsoft Visual Studio Solution File, Format Version 12.00
# Visual Studio 15
VisualStudioVersion = 15.0.28010.2048
MinimumVisualStudioVersion = 10.0.40219.1
Project("{FAE04EC0-301F-11D3-BF4B-00C04F79EFBC}") = "main build", "main build.csproj", "{6D8C4476-7B52-4BC9-AA70-DC5B44F5B412}"
EndProject
Project("{FAE04EC0-301F-11D3-BF4B-00C04F79EFBC}") = "add", "..\add\add.csproj", "{388DE591-2C8D-487F-88E2-45549EAF3F34}"
EndProject
Global
	GlobalSection(SolutionConfigurationPlatforms) = preSolution
		Debug|Any CPU = Debug|Any CPU
		Release|Any CPU = Release|Any CPU
	EndGlobalSection
	GlobalSection(ProjectConfigurationPlatforms) = postSolution
		{6D8C4476-7B52-4BC9-AA70-DC5B44F5B412}.Debug|Any CPU.ActiveCfg = Debug|Any CPU
		{6D8C4476-7B52-4BC9-AA70-DC5B44F5B412}.Debug|Any CPU.Build.0 = Debug|Any CPU
		{6D8C4476-7B52-4BC9-AA70-DC5B44F5B412}.Release|Any CPU.ActiveCfg = Release|Any CPU
		{6D8C4476-7B52-4BC9-AA70-DC5B44F5B412}.Release|Any CPU.Build.0 = Release|Any CPU
		{388DE591-2C8D-487F-88E2-45549EAF3F34}.Debug|Any CPU.ActiveCfg = Debug|Any CPU
		{388DE591-2C8D-487F-88E2-45549EAF3F34}.Debug|Any CPU.Build.0 = Debug|Any CPU
		{388DE591-2C8D-487F-88E2-45549EAF3F34}.Release|Any CPU.ActiveCfg = Release|Any CPU
		{388DE591-2C8D-487F-88E2-45549EAF3F34}.Release|Any CPU.Build.0 = Release|Any CPU
	EndGlobalSection
	GlobalSection(SolutionProperties) = preSolution
		HideSolutionNode = FALSE
	EndGlobalSection
	GlobalSection(ExtensibilityGlobals) = postSolution
		SolutionGuid = {57A01DC1-8494-446A-B65F-FE1160B72905}
	EndGlobalSection
EndGlobal
